
Microsoft Visual Studio Solution File, Format Version 12.00
# Visual Studio 14
VisualStudioVersion = 14.0.25420.1
MinimumVisualStudioVersion = 10.0.40219.1
Project("{2150E333-8FDC-42A3-9474-1A3956D46DE8}") = "1. Presentation", "1. Presentation", "{C32D5B0C-EC29-4715-A0C8-94BBF03F3571}"
EndProject
Project("{2150E333-8FDC-42A3-9474-1A3956D46DE8}") = "2. Distributed Services", "2. Distributed Services", "{0977A3E7-9CA6-4DB1-ADCC-47F3B8AE055E}"
EndProject
Project("{2150E333-8FDC-42A3-9474-1A3956D46DE8}") = "3. Application", "3. Application", "{80452CC7-33C5-42CA-A03B-ED7A22D95222}"
EndProject
Project("{2150E333-8FDC-42A3-9474-1A3956D46DE8}") = "4. Domain", "4. Domain", "{84D82A8D-C496-4FC3-AC50-C797E6C69E0E}"
EndProject
Project("{2150E333-8FDC-42A3-9474-1A3956D46DE8}") = "5. Infraestructure", "5. Infraestructure", "{0B1EA7C3-0ED8-4E33-AFDB-E2955AF0B9F9}"
EndProject
Project("{2150E333-8FDC-42A3-9474-1A3956D46DE8}") = "5.1 Data", "5.1 Data", "{23BCB094-4B8A-4E62-A12B-C1A79973B74B}"
EndProject
Project("{2150E333-8FDC-42A3-9474-1A3956D46DE8}") = "5.2 CrossCutting", "5.2 CrossCutting", "{310C9713-7F04-4012-9763-B8CB3DD61B5E}"
EndProject
Project("{FAE04EC0-301F-11D3-BF4B-00C04F79EFBC}") = "KDS.Infraestructure.Data", "KDS.Infraestructure.Data\KDS.Infraestructure.Data.csproj", "{87809AC7-8CF7-465B-A68E-BDC2F8A1CBEC}"
EndProject
Project("{FAE04EC0-301F-11D3-BF4B-00C04F79EFBC}") = "KDS.Domain", "KDS.Domain\KDS.Domain.csproj", "{FA212D69-D7D3-483A-A284-7DD56B632B56}"
EndProject
Project("{FAE04EC0-301F-11D3-BF4B-00C04F79EFBC}") = "KDS.Application", "KDS.Application\KDS.Application.csproj", "{4DA25A98-3B5B-4945-BFBB-844475E6B6C0}"
EndProject
Project("{FAE04EC0-301F-11D3-BF4B-00C04F79EFBC}") = "KDS.Web", "KDS.Web\KDS.Web.csproj", "{1DD9EDD0-9838-489F-A1AF-851029810423}"
EndProject
Project("{2150E333-8FDC-42A3-9474-1A3956D46DE8}") = "5.3 Service Agents", "5.3 Service Agents", "{78E779DE-CBEB-4932-AE09-5F423B7AF9AF}"
EndProject
Project("{FAE04EC0-301F-11D3-BF4B-00C04F79EFBC}") = "KDS.Infraestructure.ServiceAgents", "KDS.Infraestructure.ServiceAgents\KDS.Infraestructure.ServiceAgents.csproj", "{02D4008C-65C7-4140-8CB7-FE2F5951519D}"
EndProject
Project("{FAE04EC0-301F-11D3-BF4B-00C04F79EFBC}") = "KDS.Infraestructure.CrossCutting", "KDS.Infraestructure.CrossCutting\KDS.Infraestructure.CrossCutting.csproj", "{9E3504D9-5A8A-469E-9664-B46911609AE4}"
EndProject
Project("{FAE04EC0-301F-11D3-BF4B-00C04F79EFBC}") = "KDS.Infraestructure.Data.Seedwork", "KDS.Infraestructure.Data.Seedwork\KDS.Infraestructure.Data.Seedwork.csproj", "{7E747038-AB4D-4B7E-9BD0-9FA764C21504}"
EndProject
Project("{FAE04EC0-301F-11D3-BF4B-00C04F79EFBC}") = "KDS.Domain.Seedwork", "KDS.Domain.Seedwork\KDS.Domain.Seedwork.csproj", "{70C733EF-BF3C-4753-9F74-C6696DE28610}"
EndProject
Project("{2150E333-8FDC-42A3-9474-1A3956D46DE8}") = "4.1 Seedwork", "4.1 Seedwork", "{2E76A2AE-7056-4FF3-AF2A-8A03A0218EC6}"
EndProject
Project("{2150E333-8FDC-42A3-9474-1A3956D46DE8}") = "4.2 MainBoundedContext", "4.2 MainBoundedContext", "{FF03C751-F178-477B-99DF-46271AFC88A6}"
EndProject
Project("{2150E333-8FDC-42A3-9474-1A3956D46DE8}") = "5.1.1 Seedwork", "5.1.1 Seedwork", "{D36A5BAC-C59C-44D4-8685-9860DB8077E9}"
EndProject
Project("{2150E333-8FDC-42A3-9474-1A3956D46DE8}") = "5.1.2 MainBoundedContext", "5.1.2 MainBoundedContext", "{D03495B4-5BDE-486B-8467-B406E70E53A2}"
EndProject
Project("{2150E333-8FDC-42A3-9474-1A3956D46DE8}") = "0. Dependencies", "0. Dependencies", "{CDDAC616-95CC-4BE1-B44D-9BF6AC60E2CC}"
EndProject
Project("{2150E333-8FDC-42A3-9474-1A3956D46DE8}") = "3.1 Seedwork", "3.1 Seedwork", "{85DB36B8-F46B-4BD3-AD66-2448E1DACA58}"
EndProject
Project("{2150E333-8FDC-42A3-9474-1A3956D46DE8}") = "3.2 MainBoundedContext", "3.2 MainBoundedContext", "{7952A166-CC9A-496C-9607-720DA0371426}"
EndProject
Project("{FAE04EC0-301F-11D3-BF4B-00C04F79EFBC}") = "KDS.Application.Seedwork", "KDS.Application.Seedwork\KDS.Application.Seedwork.csproj", "{6ABD42A1-C5CE-4297-90CF-F0F592E6DA0B}"
EndProject
Project("{FAE04EC0-301F-11D3-BF4B-00C04F79EFBC}") = "KDS.Application.MainBoundedContext.DTO", "KDS.Application.MainBoundedContext.DTO\KDS.Application.MainBoundedContext.DTO.csproj", "{3EA5C004-9A12-4F96-9813-8E7A6CBB6206}"
EndProject
Project("{FAE04EC0-301F-11D3-BF4B-00C04F79EFBC}") = "KDS.Presentation.Seedwork", "KDS.Presentation.Seedwork\KDS.Presentation.Seedwork.csproj", "{3178D9DD-F6D1-4323-94E4-4B2F02CC4FC4}"
EndProject
Global
	GlobalSection(SolutionConfigurationPlatforms) = preSolution
		Debug|Any CPU = Debug|Any CPU
		Release|Any CPU = Release|Any CPU
	EndGlobalSection
	GlobalSection(ProjectConfigurationPlatforms) = postSolution
		{87809AC7-8CF7-465B-A68E-BDC2F8A1CBEC}.Debug|Any CPU.ActiveCfg = Debug|Any CPU
		{87809AC7-8CF7-465B-A68E-BDC2F8A1CBEC}.Debug|Any CPU.Build.0 = Debug|Any CPU
		{87809AC7-8CF7-465B-A68E-BDC2F8A1CBEC}.Release|Any CPU.ActiveCfg = Release|Any CPU
		{87809AC7-8CF7-465B-A68E-BDC2F8A1CBEC}.Release|Any CPU.Build.0 = Release|Any CPU
		{FA212D69-D7D3-483A-A284-7DD56B632B56}.Debug|Any CPU.ActiveCfg = Debug|Any CPU
		{FA212D69-D7D3-483A-A284-7DD56B632B56}.Debug|Any CPU.Build.0 = Debug|Any CPU
		{FA212D69-D7D3-483A-A284-7DD56B632B56}.Release|Any CPU.ActiveCfg = Release|Any CPU
		{FA212D69-D7D3-483A-A284-7DD56B632B56}.Release|Any CPU.Build.0 = Release|Any CPU
		{4DA25A98-3B5B-4945-BFBB-844475E6B6C0}.Debug|Any CPU.ActiveCfg = Debug|Any CPU
		{4DA25A98-3B5B-4945-BFBB-844475E6B6C0}.Debug|Any CPU.Build.0 = Debug|Any CPU
		{4DA25A98-3B5B-4945-BFBB-844475E6B6C0}.Release|Any CPU.ActiveCfg = Release|Any CPU
		{4DA25A98-3B5B-4945-BFBB-844475E6B6C0}.Release|Any CPU.Build.0 = Release|Any CPU
		{1DD9EDD0-9838-489F-A1AF-851029810423}.Debug|Any CPU.ActiveCfg = Debug|Any CPU
		{1DD9EDD0-9838-489F-A1AF-851029810423}.Debug|Any CPU.Build.0 = Debug|Any CPU
		{1DD9EDD0-9838-489F-A1AF-851029810423}.Release|Any CPU.ActiveCfg = Release|Any CPU
		{1DD9EDD0-9838-489F-A1AF-851029810423}.Release|Any CPU.Build.0 = Release|Any CPU
		{02D4008C-65C7-4140-8CB7-FE2F5951519D}.Debug|Any CPU.ActiveCfg = Debug|Any CPU
		{02D4008C-65C7-4140-8CB7-FE2F5951519D}.Debug|Any CPU.Build.0 = Debug|Any CPU
		{02D4008C-65C7-4140-8CB7-FE2F5951519D}.Release|Any CPU.ActiveCfg = Release|Any CPU
		{02D4008C-65C7-4140-8CB7-FE2F5951519D}.Release|Any CPU.Build.0 = Release|Any CPU
		{9E3504D9-5A8A-469E-9664-B46911609AE4}.Debug|Any CPU.ActiveCfg = Debug|Any CPU
		{9E3504D9-5A8A-469E-9664-B46911609AE4}.Debug|Any CPU.Build.0 = Debug|Any CPU
		{9E3504D9-5A8A-469E-9664-B46911609AE4}.Release|Any CPU.ActiveCfg = Release|Any CPU
		{9E3504D9-5A8A-469E-9664-B46911609AE4}.Release|Any CPU.Build.0 = Release|Any CPU
		{7E747038-AB4D-4B7E-9BD0-9FA764C21504}.Debug|Any CPU.ActiveCfg = Debug|Any CPU
		{7E747038-AB4D-4B7E-9BD0-9FA764C21504}.Debug|Any CPU.Build.0 = Debug|Any CPU
		{7E747038-AB4D-4B7E-9BD0-9FA764C21504}.Release|Any CPU.ActiveCfg = Release|Any CPU
		{7E747038-AB4D-4B7E-9BD0-9FA764C21504}.Release|Any CPU.Build.0 = Release|Any CPU
		{70C733EF-BF3C-4753-9F74-C6696DE28610}.Debug|Any CPU.ActiveCfg = Debug|Any CPU
		{70C733EF-BF3C-4753-9F74-C6696DE28610}.Debug|Any CPU.Build.0 = Debug|Any CPU
		{70C733EF-BF3C-4753-9F74-C6696DE28610}.Release|Any CPU.ActiveCfg = Release|Any CPU
		{70C733EF-BF3C-4753-9F74-C6696DE28610}.Release|Any CPU.Build.0 = Release|Any CPU
		{6ABD42A1-C5CE-4297-90CF-F0F592E6DA0B}.Debug|Any CPU.ActiveCfg = Debug|Any CPU
		{6ABD42A1-C5CE-4297-90CF-F0F592E6DA0B}.Debug|Any CPU.Build.0 = Debug|Any CPU
		{6ABD42A1-C5CE-4297-90CF-F0F592E6DA0B}.Release|Any CPU.ActiveCfg = Release|Any CPU
		{6ABD42A1-C5CE-4297-90CF-F0F592E6DA0B}.Release|Any CPU.Build.0 = Release|Any CPU
		{3EA5C004-9A12-4F96-9813-8E7A6CBB6206}.Debug|Any CPU.ActiveCfg = Debug|Any CPU
		{3EA5C004-9A12-4F96-9813-8E7A6CBB6206}.Debug|Any CPU.Build.0 = Debug|Any CPU
		{3EA5C004-9A12-4F96-9813-8E7A6CBB6206}.Release|Any CPU.ActiveCfg = Release|Any CPU
		{3EA5C004-9A12-4F96-9813-8E7A6CBB6206}.Release|Any CPU.Build.0 = Release|Any CPU
		{3178D9DD-F6D1-4323-94E4-4B2F02CC4FC4}.Debug|Any CPU.ActiveCfg = Debug|Any CPU
		{3178D9DD-F6D1-4323-94E4-4B2F02CC4FC4}.Debug|Any CPU.Build.0 = Debug|Any CPU
		{3178D9DD-F6D1-4323-94E4-4B2F02CC4FC4}.Release|Any CPU.ActiveCfg = Release|Any CPU
		{3178D9DD-F6D1-4323-94E4-4B2F02CC4FC4}.Release|Any CPU.Build.0 = Release|Any CPU
	EndGlobalSection
	GlobalSection(SolutionProperties) = preSolution
		HideSolutionNode = FALSE
	EndGlobalSection
	GlobalSection(NestedProjects) = preSolution
		{23BCB094-4B8A-4E62-A12B-C1A79973B74B} = {0B1EA7C3-0ED8-4E33-AFDB-E2955AF0B9F9}
		{310C9713-7F04-4012-9763-B8CB3DD61B5E} = {0B1EA7C3-0ED8-4E33-AFDB-E2955AF0B9F9}
		{87809AC7-8CF7-465B-A68E-BDC2F8A1CBEC} = {D03495B4-5BDE-486B-8467-B406E70E53A2}
		{FA212D69-D7D3-483A-A284-7DD56B632B56} = {FF03C751-F178-477B-99DF-46271AFC88A6}
		{4DA25A98-3B5B-4945-BFBB-844475E6B6C0} = {7952A166-CC9A-496C-9607-720DA0371426}
		{1DD9EDD0-9838-489F-A1AF-851029810423} = {C32D5B0C-EC29-4715-A0C8-94BBF03F3571}
		{78E779DE-CBEB-4932-AE09-5F423B7AF9AF} = {0B1EA7C3-0ED8-4E33-AFDB-E2955AF0B9F9}
		{02D4008C-65C7-4140-8CB7-FE2F5951519D} = {78E779DE-CBEB-4932-AE09-5F423B7AF9AF}
		{9E3504D9-5A8A-469E-9664-B46911609AE4} = {310C9713-7F04-4012-9763-B8CB3DD61B5E}
		{7E747038-AB4D-4B7E-9BD0-9FA764C21504} = {D36A5BAC-C59C-44D4-8685-9860DB8077E9}
		{70C733EF-BF3C-4753-9F74-C6696DE28610} = {2E76A2AE-7056-4FF3-AF2A-8A03A0218EC6}
		{2E76A2AE-7056-4FF3-AF2A-8A03A0218EC6} = {84D82A8D-C496-4FC3-AC50-C797E6C69E0E}
		{FF03C751-F178-477B-99DF-46271AFC88A6} = {84D82A8D-C496-4FC3-AC50-C797E6C69E0E}
		{D36A5BAC-C59C-44D4-8685-9860DB8077E9} = {23BCB094-4B8A-4E62-A12B-C1A79973B74B}
		{D03495B4-5BDE-486B-8467-B406E70E53A2} = {23BCB094-4B8A-4E62-A12B-C1A79973B74B}
		{85DB36B8-F46B-4BD3-AD66-2448E1DACA58} = {80452CC7-33C5-42CA-A03B-ED7A22D95222}
		{7952A166-CC9A-496C-9607-720DA0371426} = {80452CC7-33C5-42CA-A03B-ED7A22D95222}
		{6ABD42A1-C5CE-4297-90CF-F0F592E6DA0B} = {85DB36B8-F46B-4BD3-AD66-2448E1DACA58}
		{3EA5C004-9A12-4F96-9813-8E7A6CBB6206} = {7952A166-CC9A-496C-9607-720DA0371426}
		{3178D9DD-F6D1-4323-94E4-4B2F02CC4FC4} = {C32D5B0C-EC29-4715-A0C8-94BBF03F3571}
	EndGlobalSection
EndGlobal
